
Microsoft Visual Studio Solution File, Format Version 12.00
# Visual Studio 15
VisualStudioVersion = 15.0.27428.2027
MinimumVisualStudioVersion = 10.0.40219.1
Project("{FAE04EC0-301F-11D3-BF4B-00C04F79EFBC}") = "RaspiApi", "RaspiApi\RaspiApi.csproj", "{328C257B-5DA8-4B00-A87F-9CEF8B18854A}"
EndProject
Project("{E53339B2-1760-4266-BCC7-CA923CBCF16C}") = "docker-compose", "docker-compose.dcproj", "{0F0E1D3A-008F-456B-8186-0EC7D4A5CC99}"
EndProject
Global
	GlobalSection(SolutionConfigurationPlatforms) = preSolution
		Debug|Any CPU = Debug|Any CPU
		Release|Any CPU = Release|Any CPU
	EndGlobalSection
	GlobalSection(ProjectConfigurationPlatforms) = postSolution
		{328C257B-5DA8-4B00-A87F-9CEF8B18854A}.Debug|Any CPU.ActiveCfg = Debug|Any CPU
		{328C257B-5DA8-4B00-A87F-9CEF8B18854A}.Debug|Any CPU.Build.0 = Debug|Any CPU
		{328C257B-5DA8-4B00-A87F-9CEF8B18854A}.Release|Any CPU.ActiveCfg = Release|Any CPU
		{328C257B-5DA8-4B00-A87F-9CEF8B18854A}.Release|Any CPU.Build.0 = Release|Any CPU
		{0F0E1D3A-008F-456B-8186-0EC7D4A5CC99}.Debug|Any CPU.ActiveCfg = Debug|Any CPU
		{0F0E1D3A-008F-456B-8186-0EC7D4A5CC99}.Debug|Any CPU.Build.0 = Debug|Any CPU
		{0F0E1D3A-008F-456B-8186-0EC7D4A5CC99}.Release|Any CPU.ActiveCfg = Release|Any CPU
		{0F0E1D3A-008F-456B-8186-0EC7D4A5CC99}.Release|Any CPU.Build.0 = Release|Any CPU
	EndGlobalSection
	GlobalSection(SolutionProperties) = preSolution
		HideSolutionNode = FALSE
	EndGlobalSection
	GlobalSection(ExtensibilityGlobals) = postSolution
		SolutionGuid = {C43C5D64-BEAF-4BAA-B77E-FECE71ADDDA2}
	EndGlobalSection
EndGlobal
